
Microsoft Visual Studio Solution File, Format Version 11.00
# Visual Studio 2010
Project("{FAE04EC0-301F-11D3-BF4B-00C04F79EFBC}") = "Assembly-CSharp", "Assembly-CSharp.csproj", "{ffbbf435-a479-7567-00e3-46bd673d7698}"
EndProject
Project("{FAE04EC0-301F-11D3-BF4B-00C04F79EFBC}") = "Assembly-CSharp-firstpass", "Assembly-CSharp-firstpass.csproj", "{27770d14-0341-213c-7cad-77d5db752881}"
EndProject
Project("{FAE04EC0-301F-11D3-BF4B-00C04F79EFBC}") = "Assembly-CSharp-Editor", "Assembly-CSharp-Editor.csproj", "{03751aa6-7e8f-74fe-fe18-8dbeb0896ff6}"
EndProject
Project("{FAE04EC0-301F-11D3-BF4B-00C04F79EFBC}") = "Assembly-CSharp-Editor-firstpass", "Assembly-CSharp-Editor-firstpass.csproj", "{44186506-5026-bf05-ce2b-f0e7770a14c3}"
EndProject
Global
	GlobalSection(SolutionConfigurationPlatforms) = preSolution
		Debug|Any CPU = Debug|Any CPU
	EndGlobalSection
	GlobalSection(ProjectConfigurationPlatforms) = postSolution
		{ffbbf435-a479-7567-00e3-46bd673d7698}.Debug|Any CPU.ActiveCfg = Debug|Any CPU
		{ffbbf435-a479-7567-00e3-46bd673d7698}.Debug|Any CPU.Build.0 = Debug|Any CPU
		{27770d14-0341-213c-7cad-77d5db752881}.Debug|Any CPU.ActiveCfg = Debug|Any CPU
		{27770d14-0341-213c-7cad-77d5db752881}.Debug|Any CPU.Build.0 = Debug|Any CPU
		{03751aa6-7e8f-74fe-fe18-8dbeb0896ff6}.Debug|Any CPU.ActiveCfg = Debug|Any CPU
		{03751aa6-7e8f-74fe-fe18-8dbeb0896ff6}.Debug|Any CPU.Build.0 = Debug|Any CPU
		{44186506-5026-bf05-ce2b-f0e7770a14c3}.Debug|Any CPU.ActiveCfg = Debug|Any CPU
		{44186506-5026-bf05-ce2b-f0e7770a14c3}.Debug|Any CPU.Build.0 = Debug|Any CPU
	EndGlobalSection
	GlobalSection(SolutionProperties) = preSolution
		HideSolutionNode = FALSE
	EndGlobalSection
EndGlobal
